
Microsoft Visual Studio Solution File, Format Version 12.00
# Visual Studio 15
VisualStudioVersion = 15.0.28010.2026
MinimumVisualStudioVersion = 10.0.40219.1
Project("{FAE04EC0-301F-11D3-BF4B-00C04F79EFBC}") = "Project2.0", "Project2.0\Project2.0.csproj", "{79ED48F4-B823-4944-9292-C944BB822121}"
EndProject
Project("{FAE04EC0-301F-11D3-BF4B-00C04F79EFBC}") = "Database", "Database\Database.csproj", "{DC39F6DF-57BA-41FA-9FB5-FA2D06D71DAD}"
EndProject
Global
	GlobalSection(SolutionConfigurationPlatforms) = preSolution
		Debug|Any CPU = Debug|Any CPU
		Release|Any CPU = Release|Any CPU
	EndGlobalSection
	GlobalSection(ProjectConfigurationPlatforms) = postSolution
		{79ED48F4-B823-4944-9292-C944BB822121}.Debug|Any CPU.ActiveCfg = Debug|Any CPU
		{79ED48F4-B823-4944-9292-C944BB822121}.Debug|Any CPU.Build.0 = Debug|Any CPU
		{79ED48F4-B823-4944-9292-C944BB822121}.Release|Any CPU.ActiveCfg = Release|Any CPU
		{79ED48F4-B823-4944-9292-C944BB822121}.Release|Any CPU.Build.0 = Release|Any CPU
		{DC39F6DF-57BA-41FA-9FB5-FA2D06D71DAD}.Debug|Any CPU.ActiveCfg = Debug|Any CPU
		{DC39F6DF-57BA-41FA-9FB5-FA2D06D71DAD}.Debug|Any CPU.Build.0 = Debug|Any CPU
		{DC39F6DF-57BA-41FA-9FB5-FA2D06D71DAD}.Release|Any CPU.ActiveCfg = Release|Any CPU
		{DC39F6DF-57BA-41FA-9FB5-FA2D06D71DAD}.Release|Any CPU.Build.0 = Release|Any CPU
	EndGlobalSection
	GlobalSection(SolutionProperties) = preSolution
		HideSolutionNode = FALSE
	EndGlobalSection
	GlobalSection(ExtensibilityGlobals) = postSolution
		SolutionGuid = {43DB1849-3381-47BE-A6D4-51182A20AAB3}
	EndGlobalSection
EndGlobal
